// !$*UTF8*$!
{
	archiveVersion = 1;
	classes = {
	};
	objectVersion = 50;
	objects = {

/* Begin PBXBuildFile section */
		9111D7C52671A6E000DF27CC /* AppDelegate.swift in Sources */ = {isa = PBXBuildFile; fileRef = 9111D7C42671A6E000DF27CC /* AppDelegate.swift */; };
		9111D7C72671A6E000DF27CC /* SceneDelegate.swift in Sources */ = {isa = PBXBuildFile; fileRef = 9111D7C62671A6E000DF27CC /* SceneDelegate.swift */; };
		9111D7C92671A6E000DF27CC /* ContentView.swift in Sources */ = {isa = PBXBuildFile; fileRef = 9111D7C82671A6E000DF27CC /* ContentView.swift */; };
		9111D7CB2671A6E100DF27CC /* Assets.xcassets in Resources */ = {isa = PBXBuildFile; fileRef = 9111D7CA2671A6E100DF27CC /* Assets.xcassets */; };
		9111D7CE2671A6E100DF27CC /* Preview Assets.xcassets in Resources */ = {isa = PBXBuildFile; fileRef = 9111D7CD2671A6E100DF27CC /* Preview Assets.xcassets */; };
		9111D7D12671A6E100DF27CC /* LaunchScreen.storyboard in Resources */ = {isa = PBXBuildFile; fileRef = 9111D7CF2671A6E100DF27CC /* LaunchScreen.storyboard */; };
		9111D7DC2671A6E100DF27CC /* WordScrambleTests.swift in Sources */ = {isa = PBXBuildFile; fileRef = 9111D7DB2671A6E100DF27CC /* WordScrambleTests.swift */; };
		9111D7E72671A6E100DF27CC /* WordScrambleUITests.swift in Sources */ = {isa = PBXBuildFile; fileRef = 9111D7E62671A6E100DF27CC /* WordScrambleUITests.swift */; };
		9111D7F52671AF4300DF27CC /* start.txt in Resources */ = {isa = PBXBuildFile; fileRef = 9111D7F42671AF4300DF27CC /* start.txt */; };
/* End PBXBuildFile section */

/* Begin PBXContainerItemProxy section */
		9111D7D82671A6E100DF27CC /* PBXContainerItemProxy */ = {
			isa = PBXContainerItemProxy;
			containerPortal = 9111D7B92671A6E000DF27CC /* Project object */;
			proxyType = 1;
			remoteGlobalIDString = 9111D7C02671A6E000DF27CC;
			remoteInfo = WordScramble;
		};
		9111D7E32671A6E100DF27CC /* PBXContainerItemProxy */ = {
			isa = PBXContainerItemProxy;
			containerPortal = 9111D7B92671A6E000DF27CC /* Project object */;
			proxyType = 1;
			remoteGlobalIDString = 9111D7C02671A6E000DF27CC;
			remoteInfo = WordScramble;
		};
/* End PBXContainerItemProxy section */

/* Begin PBXFileReference section */
		9111D7C12671A6E000DF27CC /* WordScramble.app */ = {isa = PBXFileReference; explicitFileType = wrapper.application; includeInIndex = 0; path = WordScramble.app; sourceTree = BUILT_PRODUCTS_DIR; };
		9111D7C42671A6E000DF27CC /* AppDelegate.swift */ = {isa = PBXFileReference; lastKnownFileType = sourcecode.swift; path = AppDelegate.swift; sourceTree = "<group>"; };
		9111D7C62671A6E000DF27CC /* SceneDelegate.swift */ = {isa = PBXFileReference; lastKnownFileType = sourcecode.swift; path = SceneDelegate.swift; sourceTree = "<group>"; };
		9111D7C82671A6E000DF27CC /* ContentView.swift */ = {isa = PBXFileReference; lastKnownFileType = sourcecode.swift; path = ContentView.swift; sourceTree = "<group>"; };
		9111D7CA2671A6E100DF27CC /* Assets.xcassets */ = {isa = PBXFileReference; lastKnownFileType = folder.assetcatalog; path = Assets.xcassets; sourceTree = "<group>"; };
		9111D7CD2671A6E100DF27CC /* Preview Assets.xcassets */ = {isa = PBXFileReference; lastKnownFileType = folder.assetcatalog; path = "Preview Assets.xcassets"; sourceTree = "<group>"; };
		9111D7D02671A6E100DF27CC /* Base */ = {isa = PBXFileReference; lastKnownFileType = file.storyboard; name = Base; path = Base.lproj/LaunchScreen.storyboard; sourceTree = "<group>"; };
		9111D7D22671A6E100DF27CC /* Info.plist */ = {isa = PBXFileReference; lastKnownFileType = text.plist.xml; path = Info.plist; sourceTree = "<group>"; };
		9111D7D72671A6E100DF27CC /* WordScrambleTests.xctest */ = {isa = PBXFileReference; explicitFileType = wrapper.cfbundle; includeInIndex = 0; path = WordScrambleTests.xctest; sourceTree = BUILT_PRODUCTS_DIR; };
		9111D7DB2671A6E100DF27CC /* WordScrambleTests.swift */ = {isa = PBXFileReference; lastKnownFileType = sourcecode.swift; path = WordScrambleTests.swift; sourceTree = "<group>"; };
		9111D7DD2671A6E100DF27CC /* Info.plist */ = {isa = PBXFileReference; lastKnownFileType = text.plist.xml; path = Info.plist; sourceTree = "<group>"; };
		9111D7E22671A6E100DF27CC /* WordScrambleUITests.xctest */ = {isa = PBXFileReference; explicitFileType = wrapper.cfbundle; includeInIndex = 0; path = WordScrambleUITests.xctest; sourceTree = BUILT_PRODUCTS_DIR; };
		9111D7E62671A6E100DF27CC /* WordScrambleUITests.swift */ = {isa = PBXFileReference; lastKnownFileType = sourcecode.swift; path = WordScrambleUITests.swift; sourceTree = "<group>"; };
		9111D7E82671A6E100DF27CC /* Info.plist */ = {isa = PBXFileReference; lastKnownFileType = text.plist.xml; path = Info.plist; sourceTree = "<group>"; };
		9111D7F42671AF4300DF27CC /* start.txt */ = {isa = PBXFileReference; fileEncoding = 4; lastKnownFileType = text; path = start.txt; sourceTree = "<group>"; };
/* End PBXFileReference section */

/* Begin PBXFrameworksBuildPhase section */
		9111D7BE2671A6E000DF27CC /* Frameworks */ = {
			isa = PBXFrameworksBuildPhase;
			buildActionMask = 2147483647;
			files = (
			);
			runOnlyForDeploymentPostprocessing = 0;
		};
		9111D7D42671A6E100DF27CC /* Frameworks */ = {
			isa = PBXFrameworksBuildPhase;
			buildActionMask = 2147483647;
			files = (
			);
			runOnlyForDeploymentPostprocessing = 0;
		};
		9111D7DF2671A6E100DF27CC /* Frameworks */ = {
			isa = PBXFrameworksBuildPhase;
			buildActionMask = 2147483647;
			files = (
			);
			runOnlyForDeploymentPostprocessing = 0;
		};
/* End PBXFrameworksBuildPhase section */

/* Begin PBXGroup section */
		9111D7B82671A6E000DF27CC = {
			isa = PBXGroup;
			children = (
				9111D7C32671A6E000DF27CC /* WordScramble */,
				9111D7DA2671A6E100DF27CC /* WordScrambleTests */,
				9111D7E52671A6E100DF27CC /* WordScrambleUITests */,
				9111D7C22671A6E000DF27CC /* Products */,
			);
			sourceTree = "<group>";
		};
		9111D7C22671A6E000DF27CC /* Products */ = {
			isa = PBXGroup;
			children = (
				9111D7C12671A6E000DF27CC /* WordScramble.app */,
				9111D7D72671A6E100DF27CC /* WordScrambleTests.xctest */,
				9111D7E22671A6E100DF27CC /* WordScrambleUITests.xctest */,
			);
			name = Products;
			sourceTree = "<group>";
		};
		9111D7C32671A6E000DF27CC /* WordScramble */ = {
			isa = PBXGroup;
			children = (
				9111D7C42671A6E000DF27CC /* AppDelegate.swift */,
				9111D7C62671A6E000DF27CC /* SceneDelegate.swift */,
				9111D7C82671A6E000DF27CC /* ContentView.swift */,
				9111D7CA2671A6E100DF27CC /* Assets.xcassets */,
				9111D7CF2671A6E100DF27CC /* LaunchScreen.storyboard */,
				9111D7F42671AF4300DF27CC /* start.txt */,
				9111D7D22671A6E100DF27CC /* Info.plist */,
				9111D7CC2671A6E100DF27CC /* Preview Content */,
			);
			path = WordScramble;
			sourceTree = "<group>";
		};
		9111D7CC2671A6E100DF27CC /* Preview Content */ = {
			isa = PBXGroup;
			children = (
				9111D7CD2671A6E100DF27CC /* Preview Assets.xcassets */,
			);
			path = "Preview Content";
			sourceTree = "<group>";
		};
		9111D7DA2671A6E100DF27CC /* WordScrambleTests */ = {
			isa = PBXGroup;
			children = (
				9111D7DB2671A6E100DF27CC /* WordScrambleTests.swift */,
				9111D7DD2671A6E100DF27CC /* Info.plist */,
			);
			path = WordScrambleTests;
			sourceTree = "<group>";
		};
		9111D7E52671A6E100DF27CC /* WordScrambleUITests */ = {
			isa = PBXGroup;
			children = (
				9111D7E62671A6E100DF27CC /* WordScrambleUITests.swift */,
				9111D7E82671A6E100DF27CC /* Info.plist */,
			);
			path = WordScrambleUITests;
			sourceTree = "<group>";
		};
/* End PBXGroup section */

/* Begin PBXNativeTarget section */
		9111D7C02671A6E000DF27CC /* WordScramble */ = {
			isa = PBXNativeTarget;
			buildConfigurationList = 9111D7EB2671A6E100DF27CC /* Build configuration list for PBXNativeTarget "WordScramble" */;
			buildPhases = (
				9111D7BD2671A6E000DF27CC /* Sources */,
				9111D7BE2671A6E000DF27CC /* Frameworks */,
				9111D7BF2671A6E000DF27CC /* Resources */,
			);
			buildRules = (
			);
			dependencies = (
			);
			name = WordScramble;
			productName = WordScramble;
			productReference = 9111D7C12671A6E000DF27CC /* WordScramble.app */;
			productType = "com.apple.product-type.application";
		};
		9111D7D62671A6E100DF27CC /* WordScrambleTests */ = {
			isa = PBXNativeTarget;
			buildConfigurationList = 9111D7EE2671A6E100DF27CC /* Build configuration list for PBXNativeTarget "WordScrambleTests" */;
			buildPhases = (
				9111D7D32671A6E100DF27CC /* Sources */,
				9111D7D42671A6E100DF27CC /* Frameworks */,
				9111D7D52671A6E100DF27CC /* Resources */,
			);
			buildRules = (
			);
			dependencies = (
				9111D7D92671A6E100DF27CC /* PBXTargetDependency */,
			);
			name = WordScrambleTests;
			productName = WordScrambleTests;
			productReference = 9111D7D72671A6E100DF27CC /* WordScrambleTests.xctest */;
			productType = "com.apple.product-type.bundle.unit-test";
		};
		9111D7E12671A6E100DF27CC /* WordScrambleUITests */ = {
			isa = PBXNativeTarget;
			buildConfigurationList = 9111D7F12671A6E100DF27CC /* Build configuration list for PBXNativeTarget "WordScrambleUITests" */;
			buildPhases = (
				9111D7DE2671A6E100DF27CC /* Sources */,
				9111D7DF2671A6E100DF27CC /* Frameworks */,
				9111D7E02671A6E100DF27CC /* Resources */,
			);
			buildRules = (
			);
			dependencies = (
				9111D7E42671A6E100DF27CC /* PBXTargetDependency */,
			);
			name = WordScrambleUITests;
			productName = WordScrambleUITests;
			productReference = 9111D7E22671A6E100DF27CC /* WordScrambleUITests.xctest */;
			productType = "com.apple.product-type.bundle.ui-testing";
		};
/* End PBXNativeTarget section */

/* Begin PBXProject section */
		9111D7B92671A6E000DF27CC /* Project object */ = {
			isa = PBXProject;
			attributes = {
				LastSwiftUpdateCheck = 1130;
				LastUpgradeCheck = 1130;
				ORGANIZATIONNAME = "Andrew Holt";
				TargetAttributes = {
					9111D7C02671A6E000DF27CC = {
						CreatedOnToolsVersion = 11.3.1;
					};
					9111D7D62671A6E100DF27CC = {
						CreatedOnToolsVersion = 11.3.1;
						TestTargetID = 9111D7C02671A6E000DF27CC;
					};
					9111D7E12671A6E100DF27CC = {
						CreatedOnToolsVersion = 11.3.1;
						TestTargetID = 9111D7C02671A6E000DF27CC;
					};
				};
			};
			buildConfigurationList = 9111D7BC2671A6E000DF27CC /* Build configuration list for PBXProject "WordScramble" */;
			compatibilityVersion = "Xcode 9.3";
			developmentRegion = en;
			hasScannedForEncodings = 0;
			knownRegions = (
				en,
				Base,
			);
			mainGroup = 9111D7B82671A6E000DF27CC;
			productRefGroup = 9111D7C22671A6E000DF27CC /* Products */;
			projectDirPath = "";
			projectRoot = "";
			targets = (
				9111D7C02671A6E000DF27CC /* WordScramble */,
				9111D7D62671A6E100DF27CC /* WordScrambleTests */,
				9111D7E12671A6E100DF27CC /* WordScrambleUITests */,
			);
		};
/* End PBXProject section */

/* Begin PBXResourcesBuildPhase section */
		9111D7BF2671A6E000DF27CC /* Resources */ = {
			isa = PBXResourcesBuildPhase;
			buildActionMask = 2147483647;
			files = (
				9111D7D12671A6E100DF27CC /* LaunchScreen.storyboard in Resources */,
				9111D7F52671AF4300DF27CC /* start.txt in Resources */,
				9111D7CE2671A6E100DF27CC /* Preview Assets.xcassets in Resources */,
				9111D7CB2671A6E100DF27CC /* Assets.xcassets in Resources */,
			);
			runOnlyForDeploymentPostprocessing = 0;
		};
		9111D7D52671A6E100DF27CC /* Resources */ = {
			isa = PBXResourcesBuildPhase;
			buildActionMask = 2147483647;
			files = (
			);
			runOnlyForDeploymentPostprocessing = 0;
		};
		9111D7E02671A6E100DF27CC /* Resources */ = {
			isa = PBXResourcesBuildPhase;
			buildActionMask = 2147483647;
			files = (
			);
			runOnlyForDeploymentPostprocessing = 0;
		};
/* End PBXResourcesBuildPhase section */

/* Begin PBXSourcesBuildPhase section */
		9111D7BD2671A6E000DF27CC /* Sources */ = {
			isa = PBXSourcesBuildPhase;
			buildActionMask = 2147483647;
			files = (
				9111D7C52671A6E000DF27CC /* AppDelegate.swift in Sources */,
				9111D7C72671A6E000DF27CC /* SceneDelegate.swift in Sources */,
				9111D7C92671A6E000DF27CC /* ContentView.swift in Sources */,
			);
			runOnlyForDeploymentPostprocessing = 0;
		};
		9111D7D32671A6E100DF27CC /* Sources */ = {
			isa = PBXSourcesBuildPhase;
			buildActionMask = 2147483647;
			files = (
				9111D7DC2671A6E100DF27CC /* WordScrambleTests.swift in Sources */,
			);
			runOnlyForDeploymentPostprocessing = 0;
		};
		9111D7DE2671A6E100DF27CC /* Sources */ = {
			isa = PBXSourcesBuildPhase;
			buildActionMask = 2147483647;
			files = (
				9111D7E72671A6E100DF27CC /* WordScrambleUITests.swift in Sources */,
			);
			runOnlyForDeploymentPostprocessing = 0;
		};
/* End PBXSourcesBuildPhase section */

/* Begin PBXTargetDependency section */
		9111D7D92671A6E100DF27CC /* PBXTargetDependency */ = {
			isa = PBXTargetDependency;
			target = 9111D7C02671A6E000DF27CC /* WordScramble */;
			targetProxy = 9111D7D82671A6E100DF27CC /* PBXContainerItemProxy */;
		};
		9111D7E42671A6E100DF27CC /* PBXTargetDependency */ = {
			isa = PBXTargetDependency;
			target = 9111D7C02671A6E000DF27CC /* WordScramble */;
			targetProxy = 9111D7E32671A6E100DF27CC /* PBXContainerItemProxy */;
		};
/* End PBXTargetDependency section */

/* Begin PBXVariantGroup section */
		9111D7CF2671A6E100DF27CC /* LaunchScreen.storyboard */ = {
			isa = PBXVariantGroup;
			children = (
				9111D7D02671A6E100DF27CC /* Base */,
			);
			name = LaunchScreen.storyboard;
			sourceTree = "<group>";
		};
/* End PBXVariantGroup section */

/* Begin XCBuildConfiguration section */
		9111D7E92671A6E100DF27CC /* Debug */ = {
			isa = XCBuildConfiguration;
			buildSettings = {
				ALWAYS_SEARCH_USER_PATHS = NO;
				CLANG_ANALYZER_NONNULL = YES;
				CLANG_ANALYZER_NUMBER_OBJECT_CONVERSION = YES_AGGRESSIVE;
				CLANG_CXX_LANGUAGE_STANDARD = "gnu++14";
				CLANG_CXX_LIBRARY = "libc++";
				CLANG_ENABLE_MODULES = YES;
				CLANG_ENABLE_OBJC_ARC = YES;
				CLANG_ENABLE_OBJC_WEAK = YES;
				CLANG_WARN_BLOCK_CAPTURE_AUTORELEASING = YES;
				CLANG_WARN_BOOL_CONVERSION = YES;
				CLANG_WARN_COMMA = YES;
				CLANG_WARN_CONSTANT_CONVERSION = YES;
				CLANG_WARN_DEPRECATED_OBJC_IMPLEMENTATIONS = YES;
				CLANG_WARN_DIRECT_OBJC_ISA_USAGE = YES_ERROR;
				CLANG_WARN_DOCUMENTATION_COMMENTS = YES;
				CLANG_WARN_EMPTY_BODY = YES;
				CLANG_WARN_ENUM_CONVERSION = YES;
				CLANG_WARN_INFINITE_RECURSION = YES;
				CLANG_WARN_INT_CONVERSION = YES;
				CLANG_WARN_NON_LITERAL_NULL_CONVERSION = YES;
				CLANG_WARN_OBJC_IMPLICIT_RETAIN_SELF = YES;
				CLANG_WARN_OBJC_LITERAL_CONVERSION = YES;
				CLANG_WARN_OBJC_ROOT_CLASS = YES_ERROR;
				CLANG_WARN_RANGE_LOOP_ANALYSIS = YES;
				CLANG_WARN_STRICT_PROTOTYPES = YES;
				CLANG_WARN_SUSPICIOUS_MOVE = YES;
				CLANG_WARN_UNGUARDED_AVAILABILITY = YES_AGGRESSIVE;
				CLANG_WARN_UNREACHABLE_CODE = YES;
				CLANG_WARN__DUPLICATE_METHOD_MATCH = YES;
				COPY_PHASE_STRIP = NO;
				DEBUG_INFORMATION_FORMAT = dwarf;
				ENABLE_STRICT_OBJC_MSGSEND = YES;
				ENABLE_TESTABILITY = YES;
				GCC_C_LANGUAGE_STANDARD = gnu11;
				GCC_DYNAMIC_NO_PIC = NO;
				GCC_NO_COMMON_BLOCKS = YES;
				GCC_OPTIMIZATION_LEVEL = 0;
				GCC_PREPROCESSOR_DEFINITIONS = (
					"DEBUG=1",
					"$(inherited)",
				);
				GCC_WARN_64_TO_32_BIT_CONVERSION = YES;
				GCC_WARN_ABOUT_RETURN_TYPE = YES_ERROR;
				GCC_WARN_UNDECLARED_SELECTOR = YES;
				GCC_WARN_UNINITIALIZED_AUTOS = YES_AGGRESSIVE;
				GCC_WARN_UNUSED_FUNCTION = YES;
				GCC_WARN_UNUSED_VARIABLE = YES;
				IPHONEOS_DEPLOYMENT_TARGET = 13.2;
				MTL_ENABLE_DEBUG_INFO = INCLUDE_SOURCE;
				MTL_FAST_MATH = YES;
				ONLY_ACTIVE_ARCH = YES;
				SDKROOT = iphoneos;
				SWIFT_ACTIVE_COMPILATION_CONDITIONS = DEBUG;
				SWIFT_OPTIMIZATION_LEVEL = "-Onone";
			};
			name = Debug;
		};
		9111D7EA2671A6E100DF27CC /* Release */ = {
			isa = XCBuildConfiguration;
			buildSettings = {
				ALWAYS_SEARCH_USER_PATHS = NO;
				CLANG_ANALYZER_NONNULL = YES;
				CLANG_ANALYZER_NUMBER_OBJECT_CONVERSION = YES_AGGRESSIVE;
				CLANG_CXX_LANGUAGE_STANDARD = "gnu++14";
				CLANG_CXX_LIBRARY = "libc++";
				CLANG_ENABLE_MODULES = YES;
				CLANG_ENABLE_OBJC_ARC = YES;
				CLANG_ENABLE_OBJC_WEAK = YES;
				CLANG_WARN_BLOCK_CAPTURE_AUTORELEASING = YES;
				CLANG_WARN_BOOL_CONVERSION = YES;
				CLANG_WARN_COMMA = YES;
				CLANG_WARN_CONSTANT_CONVERSION = YES;
				CLANG_WARN_DEPRECATED_OBJC_IMPLEMENTATIONS = YES;
				CLANG_WARN_DIRECT_OBJC_ISA_USAGE = YES_ERROR;
				CLANG_WARN_DOCUMENTATION_COMMENTS = YES;
				CLANG_WARN_EMPTY_BODY = YES;
				CLANG_WARN_ENUM_CONVERSION = YES;
				CLANG_WARN_INFINITE_RECURSION = YES;
				CLANG_WARN_INT_CONVERSION = YES;
				CLANG_WARN_NON_LITERAL_NULL_CONVERSION = YES;
				CLANG_WARN_OBJC_IMPLICIT_RETAIN_SELF = YES;
				CLANG_WARN_OBJC_LITERAL_CONVERSION = YES;
				CLANG_WARN_OBJC_ROOT_CLASS = YES_ERROR;
				CLANG_WARN_RANGE_LOOP_ANALYSIS = YES;
				CLANG_WARN_STRICT_PROTOTYPES = YES;
				CLANG_WARN_SUSPICIOUS_MOVE = YES;
				CLANG_WARN_UNGUARDED_AVAILABILITY = YES_AGGRESSIVE;
				CLANG_WARN_UNREACHABLE_CODE = YES;
				CLANG_WARN__DUPLICATE_METHOD_MATCH = YES;
				COPY_PHASE_STRIP = NO;
				DEBUG_INFORMATION_FORMAT = "dwarf-with-dsym";
				ENABLE_NS_ASSERTIONS = NO;
				ENABLE_STRICT_OBJC_MSGSEND = YES;
				GCC_C_LANGUAGE_STANDARD = gnu11;
				GCC_NO_COMMON_BLOCKS = YES;
				GCC_WARN_64_TO_32_BIT_CONVERSION = YES;
				GCC_WARN_ABOUT_RETURN_TYPE = YES_ERROR;
				GCC_WARN_UNDECLARED_SELECTOR = YES;
				GCC_WARN_UNINITIALIZED_AUTOS = YES_AGGRESSIVE;
				GCC_WARN_UNUSED_FUNCTION = YES;
				GCC_WARN_UNUSED_VARIABLE = YES;
				IPHONEOS_DEPLOYMENT_TARGET = 13.2;
				MTL_ENABLE_DEBUG_INFO = NO;
				MTL_FAST_MATH = YES;
				SDKROOT = iphoneos;
				SWIFT_COMPILATION_MODE = wholemodule;
				SWIFT_OPTIMIZATION_LEVEL = "-O";
				VALIDATE_PRODUCT = YES;
			};
			name = Release;
		};
		9111D7EC2671A6E100DF27CC /* Debug */ = {
			isa = XCBuildConfiguration;
			buildSettings = {
				ASSETCATALOG_COMPILER_APPICON_NAME = AppIcon;
				CODE_SIGN_STYLE = Automatic;
				DEVELOPMENT_ASSET_PATHS = "\"WordScramble/Preview Content\"";
				ENABLE_PREVIEWS = YES;
				INFOPLIST_FILE = WordScramble/Info.plist;
				LD_RUNPATH_SEARCH_PATHS = (
					"$(inherited)",
					"@executable_path/Frameworks",
				);
				PRODUCT_BUNDLE_IDENTIFIER = Holt.WordScramble;
				PRODUCT_NAME = "$(TARGET_NAME)";
				SWIFT_VERSION = 5.0;
				TARGETED_DEVICE_FAMILY = "1,2";
			};
			name = Debug;
		};
		9111D7ED2671A6E100DF27CC /* Release */ = {
			isa = XCBuildConfiguration;
			buildSettings = {
				ASSETCATALOG_COMPILER_APPICON_NAME = AppIcon;
				CODE_SIGN_STYLE = Automatic;
				DEVELOPMENT_ASSET_PATHS = "\"WordScramble/Preview Content\"";
				ENABLE_PREVIEWS = YES;
				INFOPLIST_FILE = WordScramble/Info.plist;
				LD_RUNPATH_SEARCH_PATHS = (
					"$(inherited)",
					"@executable_path/Frameworks",
				);
				PRODUCT_BUNDLE_IDENTIFIER = Holt.WordScramble;
				PRODUCT_NAME = "$(TARGET_NAME)";
				SWIFT_VERSION = 5.0;
				TARGETED_DEVICE_FAMILY = "1,2";
			};
			name = Release;
		};
		9111D7EF2671A6E100DF27CC /* Debug */ = {
			isa = XCBuildConfiguration;
			buildSettings = {
				ALWAYS_EMBED_SWIFT_STANDARD_LIBRARIES = YES;
				BUNDLE_LOADER = "$(TEST_HOST)";
				CODE_SIGN_STYLE = Automatic;
				INFOPLIST_FILE = WordScrambleTests/Info.plist;
				IPHONEOS_DEPLOYMENT_TARGET = 13.2;
				LD_RUNPATH_SEARCH_PATHS = (
					"$(inherited)",
					"@executable_path/Frameworks",
					"@loader_path/Frameworks",
				);
				PRODUCT_BUNDLE_IDENTIFIER = Holt.WordScrambleTests;
				PRODUCT_NAME = "$(TARGET_NAME)";
				SWIFT_VERSION = 5.0;
				TARGETED_DEVICE_FAMILY = "1,2";
				TEST_HOST = "$(BUILT_PRODUCTS_DIR)/WordScramble.app/WordScramble";
			};
			name = Debug;
		};
		9111D7F02671A6E100DF27CC /* Release */ = {
			isa = XCBuildConfiguration;
			buildSettings = {
				ALWAYS_EMBED_SWIFT_STANDARD_LIBRARIES = YES;
				BUNDLE_LOADER = "$(TEST_HOST)";
				CODE_SIGN_STYLE = Automatic;
				INFOPLIST_FILE = WordScrambleTests/Info.plist;
				IPHONEOS_DEPLOYMENT_TARGET = 13.2;
				LD_RUNPATH_SEARCH_PATHS = (
					"$(inherited)",
					"@executable_path/Frameworks",
					"@loader_path/Frameworks",
				);
				PRODUCT_BUNDLE_IDENTIFIER = Holt.WordScrambleTests;
				PRODUCT_NAME = "$(TARGET_NAME)";
				SWIFT_VERSION = 5.0;
				TARGETED_DEVICE_FAMILY = "1,2";
				TEST_HOST = "$(BUILT_PRODUCTS_DIR)/WordScramble.app/WordScramble";
			};
			name = Release;
		};
		9111D7F22671A6E100DF27CC /* Debug */ = {
			isa = XCBuildConfiguration;
			buildSettings = {
				ALWAYS_EMBED_SWIFT_STANDARD_LIBRARIES = YES;
				CODE_SIGN_STYLE = Automatic;
				INFOPLIST_FILE = WordScrambleUITests/Info.plist;
				LD_RUNPATH_SEARCH_PATHS = (
					"$(inherited)",
					"@executable_path/Frameworks",
					"@loader_path/Frameworks",
				);
				PRODUCT_BUNDLE_IDENTIFIER = Holt.WordScrambleUITests;
				PRODUCT_NAME = "$(TARGET_NAME)";
				SWIFT_VERSION = 5.0;
				TARGETED_DEVICE_FAMILY = "1,2";
				TEST_TARGET_NAME = WordScramble;
			};
			name = Debug;
		};
		9111D7F32671A6E100DF27CC /* Release */ = {
			isa = XCBuildConfiguration;
			buildSettings = {
				ALWAYS_EMBED_SWIFT_STANDARD_LIBRARIES = YES;
				CODE_SIGN_STYLE = Automatic;
				INFOPLIST_FILE = WordScrambleUITests/Info.plist;
				LD_RUNPATH_SEARCH_PATHS = (
					"$(inherited)",
					"@executable_path/Frameworks",
					"@loader_path/Frameworks",
				);
				PRODUCT_BUNDLE_IDENTIFIER = Holt.WordScrambleUITests;
				PRODUCT_NAME = "$(TARGET_NAME)";
				SWIFT_VERSION = 5.0;
				TARGETED_DEVICE_FAMILY = "1,2";
				TEST_TARGET_NAME = WordScramble;
			};
			name = Release;
		};
/* End XCBuildConfiguration section */

/* Begin XCConfigurationList section */
		9111D7BC2671A6E000DF27CC /* Build configuration list for PBXProject "WordScramble" */ = {
			isa = XCConfigurationList;
			buildConfigurations = (
				9111D7E92671A6E100DF27CC /* Debug */,
				9111D7EA2671A6E100DF27CC /* Release */,
			);
			defaultConfigurationIsVisible = 0;
			defaultConfigurationName = Release;
		};
		9111D7EB2671A6E100DF27CC /* Build configuration list for PBXNativeTarget "WordScramble" */ = {
			isa = XCConfigurationList;
			buildConfigurations = (
				9111D7EC2671A6E100DF27CC /* Debug */,
				9111D7ED2671A6E100DF27CC /* Release */,
			);
			defaultConfigurationIsVisible = 0;
			defaultConfigurationName = Release;
		};
		9111D7EE2671A6E100DF27CC /* Build configuration list for PBXNativeTarget "WordScrambleTests" */ = {
			isa = XCConfigurationList;
			buildConfigurations = (
				9111D7EF2671A6E100DF27CC /* Debug */,
				9111D7F02671A6E100DF27CC /* Release */,
			);
			defaultConfigurationIsVisible = 0;
			defaultConfigurationName = Release;
		};
		9111D7F12671A6E100DF27CC /* Build configuration list for PBXNativeTarget "WordScrambleUITests" */ = {
			isa = XCConfigurationList;
			buildConfigurations = (
				9111D7F22671A6E100DF27CC /* Debug */,
				9111D7F32671A6E100DF27CC /* Release */,
			);
			defaultConfigurationIsVisible = 0;
			defaultConfigurationName = Release;
		};
/* End XCConfigurationList section */
	};
	rootObject = 9111D7B92671A6E000DF27CC /* Project object */;
}
