// !$*UTF8*$!
{
	archiveVersion = 1;
	classes = {
	};
	objectVersion = 50;
	objects = {

/* Begin PBXBuildFile section */
		916DB49C266DEA7100D95289 /* AppDelegate.swift in Sources */ = {isa = PBXBuildFile; fileRef = 916DB49B266DEA7100D95289 /* AppDelegate.swift */; };
		916DB49E266DEA7100D95289 /* SceneDelegate.swift in Sources */ = {isa = PBXBuildFile; fileRef = 916DB49D266DEA7100D95289 /* SceneDelegate.swift */; };
		916DB4A0266DEA7100D95289 /* ContentView.swift in Sources */ = {isa = PBXBuildFile; fileRef = 916DB49F266DEA7100D95289 /* ContentView.swift */; };
		916DB4A2266DEA7200D95289 /* Assets.xcassets in Resources */ = {isa = PBXBuildFile; fileRef = 916DB4A1266DEA7200D95289 /* Assets.xcassets */; };
		916DB4A5266DEA7200D95289 /* Preview Assets.xcassets in Resources */ = {isa = PBXBuildFile; fileRef = 916DB4A4266DEA7200D95289 /* Preview Assets.xcassets */; };
		916DB4A8266DEA7200D95289 /* LaunchScreen.storyboard in Resources */ = {isa = PBXBuildFile; fileRef = 916DB4A6266DEA7200D95289 /* LaunchScreen.storyboard */; };
		916DB4B3266DEA7200D95289 /* Guess_the_FlagTests.swift in Sources */ = {isa = PBXBuildFile; fileRef = 916DB4B2266DEA7200D95289 /* Guess_the_FlagTests.swift */; };
		916DB4BE266DEA7200D95289 /* Guess_the_FlagUITests.swift in Sources */ = {isa = PBXBuildFile; fileRef = 916DB4BD266DEA7200D95289 /* Guess_the_FlagUITests.swift */; };
/* End PBXBuildFile section */

/* Begin PBXContainerItemProxy section */
		916DB4AF266DEA7200D95289 /* PBXContainerItemProxy */ = {
			isa = PBXContainerItemProxy;
			containerPortal = 916DB490266DEA7000D95289 /* Project object */;
			proxyType = 1;
			remoteGlobalIDString = 916DB497266DEA7100D95289;
			remoteInfo = "Guess the Flag";
		};
		916DB4BA266DEA7200D95289 /* PBXContainerItemProxy */ = {
			isa = PBXContainerItemProxy;
			containerPortal = 916DB490266DEA7000D95289 /* Project object */;
			proxyType = 1;
			remoteGlobalIDString = 916DB497266DEA7100D95289;
			remoteInfo = "Guess the Flag";
		};
/* End PBXContainerItemProxy section */

/* Begin PBXFileReference section */
		916DB498266DEA7100D95289 /* Guess the Flag.app */ = {isa = PBXFileReference; explicitFileType = wrapper.application; includeInIndex = 0; path = "Guess the Flag.app"; sourceTree = BUILT_PRODUCTS_DIR; };
		916DB49B266DEA7100D95289 /* AppDelegate.swift */ = {isa = PBXFileReference; lastKnownFileType = sourcecode.swift; path = AppDelegate.swift; sourceTree = "<group>"; };
		916DB49D266DEA7100D95289 /* SceneDelegate.swift */ = {isa = PBXFileReference; lastKnownFileType = sourcecode.swift; path = SceneDelegate.swift; sourceTree = "<group>"; };
		916DB49F266DEA7100D95289 /* ContentView.swift */ = {isa = PBXFileReference; lastKnownFileType = sourcecode.swift; path = ContentView.swift; sourceTree = "<group>"; };
		916DB4A1266DEA7200D95289 /* Assets.xcassets */ = {isa = PBXFileReference; lastKnownFileType = folder.assetcatalog; path = Assets.xcassets; sourceTree = "<group>"; };
		916DB4A4266DEA7200D95289 /* Preview Assets.xcassets */ = {isa = PBXFileReference; lastKnownFileType = folder.assetcatalog; path = "Preview Assets.xcassets"; sourceTree = "<group>"; };
		916DB4A7266DEA7200D95289 /* Base */ = {isa = PBXFileReference; lastKnownFileType = file.storyboard; name = Base; path = Base.lproj/LaunchScreen.storyboard; sourceTree = "<group>"; };
		916DB4A9266DEA7200D95289 /* Info.plist */ = {isa = PBXFileReference; lastKnownFileType = text.plist.xml; path = Info.plist; sourceTree = "<group>"; };
		916DB4AE266DEA7200D95289 /* Guess the FlagTests.xctest */ = {isa = PBXFileReference; explicitFileType = wrapper.cfbundle; includeInIndex = 0; path = "Guess the FlagTests.xctest"; sourceTree = BUILT_PRODUCTS_DIR; };
		916DB4B2266DEA7200D95289 /* Guess_the_FlagTests.swift */ = {isa = PBXFileReference; lastKnownFileType = sourcecode.swift; path = Guess_the_FlagTests.swift; sourceTree = "<group>"; };
		916DB4B4266DEA7200D95289 /* Info.plist */ = {isa = PBXFileReference; lastKnownFileType = text.plist.xml; path = Info.plist; sourceTree = "<group>"; };
		916DB4B9266DEA7200D95289 /* Guess the FlagUITests.xctest */ = {isa = PBXFileReference; explicitFileType = wrapper.cfbundle; includeInIndex = 0; path = "Guess the FlagUITests.xctest"; sourceTree = BUILT_PRODUCTS_DIR; };
		916DB4BD266DEA7200D95289 /* Guess_the_FlagUITests.swift */ = {isa = PBXFileReference; lastKnownFileType = sourcecode.swift; path = Guess_the_FlagUITests.swift; sourceTree = "<group>"; };
		916DB4BF266DEA7200D95289 /* Info.plist */ = {isa = PBXFileReference; lastKnownFileType = text.plist.xml; path = Info.plist; sourceTree = "<group>"; };
/* End PBXFileReference section */

/* Begin PBXFrameworksBuildPhase section */
		916DB495266DEA7100D95289 /* Frameworks */ = {
			isa = PBXFrameworksBuildPhase;
			buildActionMask = 2147483647;
			files = (
			);
			runOnlyForDeploymentPostprocessing = 0;
		};
		916DB4AB266DEA7200D95289 /* Frameworks */ = {
			isa = PBXFrameworksBuildPhase;
			buildActionMask = 2147483647;
			files = (
			);
			runOnlyForDeploymentPostprocessing = 0;
		};
		916DB4B6266DEA7200D95289 /* Frameworks */ = {
			isa = PBXFrameworksBuildPhase;
			buildActionMask = 2147483647;
			files = (
			);
			runOnlyForDeploymentPostprocessing = 0;
		};
/* End PBXFrameworksBuildPhase section */

/* Begin PBXGroup section */
		916DB48F266DEA7000D95289 = {
			isa = PBXGroup;
			children = (
				916DB49A266DEA7100D95289 /* Guess the Flag */,
				916DB4B1266DEA7200D95289 /* Guess the FlagTests */,
				916DB4BC266DEA7200D95289 /* Guess the FlagUITests */,
				916DB499266DEA7100D95289 /* Products */,
			);
			sourceTree = "<group>";
		};
		916DB499266DEA7100D95289 /* Products */ = {
			isa = PBXGroup;
			children = (
				916DB498266DEA7100D95289 /* Guess the Flag.app */,
				916DB4AE266DEA7200D95289 /* Guess the FlagTests.xctest */,
				916DB4B9266DEA7200D95289 /* Guess the FlagUITests.xctest */,
			);
			name = Products;
			sourceTree = "<group>";
		};
		916DB49A266DEA7100D95289 /* Guess the Flag */ = {
			isa = PBXGroup;
			children = (
				916DB49B266DEA7100D95289 /* AppDelegate.swift */,
				916DB49D266DEA7100D95289 /* SceneDelegate.swift */,
				916DB49F266DEA7100D95289 /* ContentView.swift */,
				916DB4A1266DEA7200D95289 /* Assets.xcassets */,
				916DB4A6266DEA7200D95289 /* LaunchScreen.storyboard */,
				916DB4A9266DEA7200D95289 /* Info.plist */,
				916DB4A3266DEA7200D95289 /* Preview Content */,
			);
			path = "Guess the Flag";
			sourceTree = "<group>";
		};
		916DB4A3266DEA7200D95289 /* Preview Content */ = {
			isa = PBXGroup;
			children = (
				916DB4A4266DEA7200D95289 /* Preview Assets.xcassets */,
			);
			path = "Preview Content";
			sourceTree = "<group>";
		};
		916DB4B1266DEA7200D95289 /* Guess the FlagTests */ = {
			isa = PBXGroup;
			children = (
				916DB4B2266DEA7200D95289 /* Guess_the_FlagTests.swift */,
				916DB4B4266DEA7200D95289 /* Info.plist */,
			);
			path = "Guess the FlagTests";
			sourceTree = "<group>";
		};
		916DB4BC266DEA7200D95289 /* Guess the FlagUITests */ = {
			isa = PBXGroup;
			children = (
				916DB4BD266DEA7200D95289 /* Guess_the_FlagUITests.swift */,
				916DB4BF266DEA7200D95289 /* Info.plist */,
			);
			path = "Guess the FlagUITests";
			sourceTree = "<group>";
		};
/* End PBXGroup section */

/* Begin PBXNativeTarget section */
		916DB497266DEA7100D95289 /* Guess the Flag */ = {
			isa = PBXNativeTarget;
			buildConfigurationList = 916DB4C2266DEA7200D95289 /* Build configuration list for PBXNativeTarget "Guess the Flag" */;
			buildPhases = (
				916DB494266DEA7100D95289 /* Sources */,
				916DB495266DEA7100D95289 /* Frameworks */,
				916DB496266DEA7100D95289 /* Resources */,
			);
			buildRules = (
			);
			dependencies = (
			);
			name = "Guess the Flag";
			productName = "Guess the Flag";
			productReference = 916DB498266DEA7100D95289 /* Guess the Flag.app */;
			productType = "com.apple.product-type.application";
		};
		916DB4AD266DEA7200D95289 /* Guess the FlagTests */ = {
			isa = PBXNativeTarget;
			buildConfigurationList = 916DB4C5266DEA7200D95289 /* Build configuration list for PBXNativeTarget "Guess the FlagTests" */;
			buildPhases = (
				916DB4AA266DEA7200D95289 /* Sources */,
				916DB4AB266DEA7200D95289 /* Frameworks */,
				916DB4AC266DEA7200D95289 /* Resources */,
			);
			buildRules = (
			);
			dependencies = (
				916DB4B0266DEA7200D95289 /* PBXTargetDependency */,
			);
			name = "Guess the FlagTests";
			productName = "Guess the FlagTests";
			productReference = 916DB4AE266DEA7200D95289 /* Guess the FlagTests.xctest */;
			productType = "com.apple.product-type.bundle.unit-test";
		};
		916DB4B8266DEA7200D95289 /* Guess the FlagUITests */ = {
			isa = PBXNativeTarget;
			buildConfigurationList = 916DB4C8266DEA7200D95289 /* Build configuration list for PBXNativeTarget "Guess the FlagUITests" */;
			buildPhases = (
				916DB4B5266DEA7200D95289 /* Sources */,
				916DB4B6266DEA7200D95289 /* Frameworks */,
				916DB4B7266DEA7200D95289 /* Resources */,
			);
			buildRules = (
			);
			dependencies = (
				916DB4BB266DEA7200D95289 /* PBXTargetDependency */,
			);
			name = "Guess the FlagUITests";
			productName = "Guess the FlagUITests";
			productReference = 916DB4B9266DEA7200D95289 /* Guess the FlagUITests.xctest */;
			productType = "com.apple.product-type.bundle.ui-testing";
		};
/* End PBXNativeTarget section */

/* Begin PBXProject section */
		916DB490266DEA7000D95289 /* Project object */ = {
			isa = PBXProject;
			attributes = {
				LastSwiftUpdateCheck = 1130;
				LastUpgradeCheck = 1130;
				ORGANIZATIONNAME = "Andrew Holt";
				TargetAttributes = {
					916DB497266DEA7100D95289 = {
						CreatedOnToolsVersion = 11.3.1;
					};
					916DB4AD266DEA7200D95289 = {
						CreatedOnToolsVersion = 11.3.1;
						TestTargetID = 916DB497266DEA7100D95289;
					};
					916DB4B8266DEA7200D95289 = {
						CreatedOnToolsVersion = 11.3.1;
						TestTargetID = 916DB497266DEA7100D95289;
					};
				};
			};
			buildConfigurationList = 916DB493266DEA7000D95289 /* Build configuration list for PBXProject "Guess the Flag" */;
			compatibilityVersion = "Xcode 9.3";
			developmentRegion = en;
			hasScannedForEncodings = 0;
			knownRegions = (
				en,
				Base,
			);
			mainGroup = 916DB48F266DEA7000D95289;
			productRefGroup = 916DB499266DEA7100D95289 /* Products */;
			projectDirPath = "";
			projectRoot = "";
			targets = (
				916DB497266DEA7100D95289 /* Guess the Flag */,
				916DB4AD266DEA7200D95289 /* Guess the FlagTests */,
				916DB4B8266DEA7200D95289 /* Guess the FlagUITests */,
			);
		};
/* End PBXProject section */

/* Begin PBXResourcesBuildPhase section */
		916DB496266DEA7100D95289 /* Resources */ = {
			isa = PBXResourcesBuildPhase;
			buildActionMask = 2147483647;
			files = (
				916DB4A8266DEA7200D95289 /* LaunchScreen.storyboard in Resources */,
				916DB4A5266DEA7200D95289 /* Preview Assets.xcassets in Resources */,
				916DB4A2266DEA7200D95289 /* Assets.xcassets in Resources */,
			);
			runOnlyForDeploymentPostprocessing = 0;
		};
		916DB4AC266DEA7200D95289 /* Resources */ = {
			isa = PBXResourcesBuildPhase;
			buildActionMask = 2147483647;
			files = (
			);
			runOnlyForDeploymentPostprocessing = 0;
		};
		916DB4B7266DEA7200D95289 /* Resources */ = {
			isa = PBXResourcesBuildPhase;
			buildActionMask = 2147483647;
			files = (
			);
			runOnlyForDeploymentPostprocessing = 0;
		};
/* End PBXResourcesBuildPhase section */

/* Begin PBXSourcesBuildPhase section */
		916DB494266DEA7100D95289 /* Sources */ = {
			isa = PBXSourcesBuildPhase;
			buildActionMask = 2147483647;
			files = (
				916DB49C266DEA7100D95289 /* AppDelegate.swift in Sources */,
				916DB49E266DEA7100D95289 /* SceneDelegate.swift in Sources */,
				916DB4A0266DEA7100D95289 /* ContentView.swift in Sources */,
			);
			runOnlyForDeploymentPostprocessing = 0;
		};
		916DB4AA266DEA7200D95289 /* Sources */ = {
			isa = PBXSourcesBuildPhase;
			buildActionMask = 2147483647;
			files = (
				916DB4B3266DEA7200D95289 /* Guess_the_FlagTests.swift in Sources */,
			);
			runOnlyForDeploymentPostprocessing = 0;
		};
		916DB4B5266DEA7200D95289 /* Sources */ = {
			isa = PBXSourcesBuildPhase;
			buildActionMask = 2147483647;
			files = (
				916DB4BE266DEA7200D95289 /* Guess_the_FlagUITests.swift in Sources */,
			);
			runOnlyForDeploymentPostprocessing = 0;
		};
/* End PBXSourcesBuildPhase section */

/* Begin PBXTargetDependency section */
		916DB4B0266DEA7200D95289 /* PBXTargetDependency */ = {
			isa = PBXTargetDependency;
			target = 916DB497266DEA7100D95289 /* Guess the Flag */;
			targetProxy = 916DB4AF266DEA7200D95289 /* PBXContainerItemProxy */;
		};
		916DB4BB266DEA7200D95289 /* PBXTargetDependency */ = {
			isa = PBXTargetDependency;
			target = 916DB497266DEA7100D95289 /* Guess the Flag */;
			targetProxy = 916DB4BA266DEA7200D95289 /* PBXContainerItemProxy */;
		};
/* End PBXTargetDependency section */

/* Begin PBXVariantGroup section */
		916DB4A6266DEA7200D95289 /* LaunchScreen.storyboard */ = {
			isa = PBXVariantGroup;
			children = (
				916DB4A7266DEA7200D95289 /* Base */,
			);
			name = LaunchScreen.storyboard;
			sourceTree = "<group>";
		};
/* End PBXVariantGroup section */

/* Begin XCBuildConfiguration section */
		916DB4C0266DEA7200D95289 /* Debug */ = {
			isa = XCBuildConfiguration;
			buildSettings = {
				ALWAYS_SEARCH_USER_PATHS = NO;
				CLANG_ANALYZER_NONNULL = YES;
				CLANG_ANALYZER_NUMBER_OBJECT_CONVERSION = YES_AGGRESSIVE;
				CLANG_CXX_LANGUAGE_STANDARD = "gnu++14";
				CLANG_CXX_LIBRARY = "libc++";
				CLANG_ENABLE_MODULES = YES;
				CLANG_ENABLE_OBJC_ARC = YES;
				CLANG_ENABLE_OBJC_WEAK = YES;
				CLANG_WARN_BLOCK_CAPTURE_AUTORELEASING = YES;
				CLANG_WARN_BOOL_CONVERSION = YES;
				CLANG_WARN_COMMA = YES;
				CLANG_WARN_CONSTANT_CONVERSION = YES;
				CLANG_WARN_DEPRECATED_OBJC_IMPLEMENTATIONS = YES;
				CLANG_WARN_DIRECT_OBJC_ISA_USAGE = YES_ERROR;
				CLANG_WARN_DOCUMENTATION_COMMENTS = YES;
				CLANG_WARN_EMPTY_BODY = YES;
				CLANG_WARN_ENUM_CONVERSION = YES;
				CLANG_WARN_INFINITE_RECURSION = YES;
				CLANG_WARN_INT_CONVERSION = YES;
				CLANG_WARN_NON_LITERAL_NULL_CONVERSION = YES;
				CLANG_WARN_OBJC_IMPLICIT_RETAIN_SELF = YES;
				CLANG_WARN_OBJC_LITERAL_CONVERSION = YES;
				CLANG_WARN_OBJC_ROOT_CLASS = YES_ERROR;
				CLANG_WARN_RANGE_LOOP_ANALYSIS = YES;
				CLANG_WARN_STRICT_PROTOTYPES = YES;
				CLANG_WARN_SUSPICIOUS_MOVE = YES;
				CLANG_WARN_UNGUARDED_AVAILABILITY = YES_AGGRESSIVE;
				CLANG_WARN_UNREACHABLE_CODE = YES;
				CLANG_WARN__DUPLICATE_METHOD_MATCH = YES;
				COPY_PHASE_STRIP = NO;
				DEBUG_INFORMATION_FORMAT = dwarf;
				ENABLE_STRICT_OBJC_MSGSEND = YES;
				ENABLE_TESTABILITY = YES;
				GCC_C_LANGUAGE_STANDARD = gnu11;
				GCC_DYNAMIC_NO_PIC = NO;
				GCC_NO_COMMON_BLOCKS = YES;
				GCC_OPTIMIZATION_LEVEL = 0;
				GCC_PREPROCESSOR_DEFINITIONS = (
					"DEBUG=1",
					"$(inherited)",
				);
				GCC_WARN_64_TO_32_BIT_CONVERSION = YES;
				GCC_WARN_ABOUT_RETURN_TYPE = YES_ERROR;
				GCC_WARN_UNDECLARED_SELECTOR = YES;
				GCC_WARN_UNINITIALIZED_AUTOS = YES_AGGRESSIVE;
				GCC_WARN_UNUSED_FUNCTION = YES;
				GCC_WARN_UNUSED_VARIABLE = YES;
				IPHONEOS_DEPLOYMENT_TARGET = 13.2;
				MTL_ENABLE_DEBUG_INFO = INCLUDE_SOURCE;
				MTL_FAST_MATH = YES;
				ONLY_ACTIVE_ARCH = YES;
				SDKROOT = iphoneos;
				SWIFT_ACTIVE_COMPILATION_CONDITIONS = DEBUG;
				SWIFT_OPTIMIZATION_LEVEL = "-Onone";
			};
			name = Debug;
		};
		916DB4C1266DEA7200D95289 /* Release */ = {
			isa = XCBuildConfiguration;
			buildSettings = {
				ALWAYS_SEARCH_USER_PATHS = NO;
				CLANG_ANALYZER_NONNULL = YES;
				CLANG_ANALYZER_NUMBER_OBJECT_CONVERSION = YES_AGGRESSIVE;
				CLANG_CXX_LANGUAGE_STANDARD = "gnu++14";
				CLANG_CXX_LIBRARY = "libc++";
				CLANG_ENABLE_MODULES = YES;
				CLANG_ENABLE_OBJC_ARC = YES;
				CLANG_ENABLE_OBJC_WEAK = YES;
				CLANG_WARN_BLOCK_CAPTURE_AUTORELEASING = YES;
				CLANG_WARN_BOOL_CONVERSION = YES;
				CLANG_WARN_COMMA = YES;
				CLANG_WARN_CONSTANT_CONVERSION = YES;
				CLANG_WARN_DEPRECATED_OBJC_IMPLEMENTATIONS = YES;
				CLANG_WARN_DIRECT_OBJC_ISA_USAGE = YES_ERROR;
				CLANG_WARN_DOCUMENTATION_COMMENTS = YES;
				CLANG_WARN_EMPTY_BODY = YES;
				CLANG_WARN_ENUM_CONVERSION = YES;
				CLANG_WARN_INFINITE_RECURSION = YES;
				CLANG_WARN_INT_CONVERSION = YES;
				CLANG_WARN_NON_LITERAL_NULL_CONVERSION = YES;
				CLANG_WARN_OBJC_IMPLICIT_RETAIN_SELF = YES;
				CLANG_WARN_OBJC_LITERAL_CONVERSION = YES;
				CLANG_WARN_OBJC_ROOT_CLASS = YES_ERROR;
				CLANG_WARN_RANGE_LOOP_ANALYSIS = YES;
				CLANG_WARN_STRICT_PROTOTYPES = YES;
				CLANG_WARN_SUSPICIOUS_MOVE = YES;
				CLANG_WARN_UNGUARDED_AVAILABILITY = YES_AGGRESSIVE;
				CLANG_WARN_UNREACHABLE_CODE = YES;
				CLANG_WARN__DUPLICATE_METHOD_MATCH = YES;
				COPY_PHASE_STRIP = NO;
				DEBUG_INFORMATION_FORMAT = "dwarf-with-dsym";
				ENABLE_NS_ASSERTIONS = NO;
				ENABLE_STRICT_OBJC_MSGSEND = YES;
				GCC_C_LANGUAGE_STANDARD = gnu11;
				GCC_NO_COMMON_BLOCKS = YES;
				GCC_WARN_64_TO_32_BIT_CONVERSION = YES;
				GCC_WARN_ABOUT_RETURN_TYPE = YES_ERROR;
				GCC_WARN_UNDECLARED_SELECTOR = YES;
				GCC_WARN_UNINITIALIZED_AUTOS = YES_AGGRESSIVE;
				GCC_WARN_UNUSED_FUNCTION = YES;
				GCC_WARN_UNUSED_VARIABLE = YES;
				IPHONEOS_DEPLOYMENT_TARGET = 13.2;
				MTL_ENABLE_DEBUG_INFO = NO;
				MTL_FAST_MATH = YES;
				SDKROOT = iphoneos;
				SWIFT_COMPILATION_MODE = wholemodule;
				SWIFT_OPTIMIZATION_LEVEL = "-O";
				VALIDATE_PRODUCT = YES;
			};
			name = Release;
		};
		916DB4C3266DEA7200D95289 /* Debug */ = {
			isa = XCBuildConfiguration;
			buildSettings = {
				ASSETCATALOG_COMPILER_APPICON_NAME = AppIcon;
				CODE_SIGN_STYLE = Automatic;
				DEVELOPMENT_ASSET_PATHS = "\"Guess the Flag/Preview Content\"";
				ENABLE_PREVIEWS = YES;
				INFOPLIST_FILE = "Guess the Flag/Info.plist";
				LD_RUNPATH_SEARCH_PATHS = (
					"$(inherited)",
					"@executable_path/Frameworks",
				);
				PRODUCT_BUNDLE_IDENTIFIER = "Holt.Guess-the-Flag";
				PRODUCT_NAME = "$(TARGET_NAME)";
				SWIFT_VERSION = 5.0;
				TARGETED_DEVICE_FAMILY = "1,2";
			};
			name = Debug;
		};
		916DB4C4266DEA7200D95289 /* Release */ = {
			isa = XCBuildConfiguration;
			buildSettings = {
				ASSETCATALOG_COMPILER_APPICON_NAME = AppIcon;
				CODE_SIGN_STYLE = Automatic;
				DEVELOPMENT_ASSET_PATHS = "\"Guess the Flag/Preview Content\"";
				ENABLE_PREVIEWS = YES;
				INFOPLIST_FILE = "Guess the Flag/Info.plist";
				LD_RUNPATH_SEARCH_PATHS = (
					"$(inherited)",
					"@executable_path/Frameworks",
				);
				PRODUCT_BUNDLE_IDENTIFIER = "Holt.Guess-the-Flag";
				PRODUCT_NAME = "$(TARGET_NAME)";
				SWIFT_VERSION = 5.0;
				TARGETED_DEVICE_FAMILY = "1,2";
			};
			name = Release;
		};
		916DB4C6266DEA7200D95289 /* Debug */ = {
			isa = XCBuildConfiguration;
			buildSettings = {
				ALWAYS_EMBED_SWIFT_STANDARD_LIBRARIES = YES;
				BUNDLE_LOADER = "$(TEST_HOST)";
				CODE_SIGN_STYLE = Automatic;
				INFOPLIST_FILE = "Guess the FlagTests/Info.plist";
				IPHONEOS_DEPLOYMENT_TARGET = 13.2;
				LD_RUNPATH_SEARCH_PATHS = (
					"$(inherited)",
					"@executable_path/Frameworks",
					"@loader_path/Frameworks",
				);
				PRODUCT_BUNDLE_IDENTIFIER = "Holt.Guess-the-FlagTests";
				PRODUCT_NAME = "$(TARGET_NAME)";
				SWIFT_VERSION = 5.0;
				TARGETED_DEVICE_FAMILY = "1,2";
				TEST_HOST = "$(BUILT_PRODUCTS_DIR)/Guess the Flag.app/Guess the Flag";
			};
			name = Debug;
		};
		916DB4C7266DEA7200D95289 /* Release */ = {
			isa = XCBuildConfiguration;
			buildSettings = {
				ALWAYS_EMBED_SWIFT_STANDARD_LIBRARIES = YES;
				BUNDLE_LOADER = "$(TEST_HOST)";
				CODE_SIGN_STYLE = Automatic;
				INFOPLIST_FILE = "Guess the FlagTests/Info.plist";
				IPHONEOS_DEPLOYMENT_TARGET = 13.2;
				LD_RUNPATH_SEARCH_PATHS = (
					"$(inherited)",
					"@executable_path/Frameworks",
					"@loader_path/Frameworks",
				);
				PRODUCT_BUNDLE_IDENTIFIER = "Holt.Guess-the-FlagTests";
				PRODUCT_NAME = "$(TARGET_NAME)";
				SWIFT_VERSION = 5.0;
				TARGETED_DEVICE_FAMILY = "1,2";
				TEST_HOST = "$(BUILT_PRODUCTS_DIR)/Guess the Flag.app/Guess the Flag";
			};
			name = Release;
		};
		916DB4C9266DEA7200D95289 /* Debug */ = {
			isa = XCBuildConfiguration;
			buildSettings = {
				ALWAYS_EMBED_SWIFT_STANDARD_LIBRARIES = YES;
				CODE_SIGN_STYLE = Automatic;
				INFOPLIST_FILE = "Guess the FlagUITests/Info.plist";
				LD_RUNPATH_SEARCH_PATHS = (
					"$(inherited)",
					"@executable_path/Frameworks",
					"@loader_path/Frameworks",
				);
				PRODUCT_BUNDLE_IDENTIFIER = "Holt.Guess-the-FlagUITests";
				PRODUCT_NAME = "$(TARGET_NAME)";
				SWIFT_VERSION = 5.0;
				TARGETED_DEVICE_FAMILY = "1,2";
				TEST_TARGET_NAME = "Guess the Flag";
			};
			name = Debug;
		};
		916DB4CA266DEA7200D95289 /* Release */ = {
			isa = XCBuildConfiguration;
			buildSettings = {
				ALWAYS_EMBED_SWIFT_STANDARD_LIBRARIES = YES;
				CODE_SIGN_STYLE = Automatic;
				INFOPLIST_FILE = "Guess the FlagUITests/Info.plist";
				LD_RUNPATH_SEARCH_PATHS = (
					"$(inherited)",
					"@executable_path/Frameworks",
					"@loader_path/Frameworks",
				);
				PRODUCT_BUNDLE_IDENTIFIER = "Holt.Guess-the-FlagUITests";
				PRODUCT_NAME = "$(TARGET_NAME)";
				SWIFT_VERSION = 5.0;
				TARGETED_DEVICE_FAMILY = "1,2";
				TEST_TARGET_NAME = "Guess the Flag";
			};
			name = Release;
		};
/* End XCBuildConfiguration section */

/* Begin XCConfigurationList section */
		916DB493266DEA7000D95289 /* Build configuration list for PBXProject "Guess the Flag" */ = {
			isa = XCConfigurationList;
			buildConfigurations = (
				916DB4C0266DEA7200D95289 /* Debug */,
				916DB4C1266DEA7200D95289 /* Release */,
			);
			defaultConfigurationIsVisible = 0;
			defaultConfigurationName = Release;
		};
		916DB4C2266DEA7200D95289 /* Build configuration list for PBXNativeTarget "Guess the Flag" */ = {
			isa = XCConfigurationList;
			buildConfigurations = (
				916DB4C3266DEA7200D95289 /* Debug */,
				916DB4C4266DEA7200D95289 /* Release */,
			);
			defaultConfigurationIsVisible = 0;
			defaultConfigurationName = Release;
		};
		916DB4C5266DEA7200D95289 /* Build configuration list for PBXNativeTarget "Guess the FlagTests" */ = {
			isa = XCConfigurationList;
			buildConfigurations = (
				916DB4C6266DEA7200D95289 /* Debug */,
				916DB4C7266DEA7200D95289 /* Release */,
			);
			defaultConfigurationIsVisible = 0;
			defaultConfigurationName = Release;
		};
		916DB4C8266DEA7200D95289 /* Build configuration list for PBXNativeTarget "Guess the FlagUITests" */ = {
			isa = XCConfigurationList;
			buildConfigurations = (
				916DB4C9266DEA7200D95289 /* Debug */,
				916DB4CA266DEA7200D95289 /* Release */,
			);
			defaultConfigurationIsVisible = 0;
			defaultConfigurationName = Release;
		};
/* End XCConfigurationList section */
	};
	rootObject = 916DB490266DEA7000D95289 /* Project object */;
}
